
Microsoft Visual Studio Solution File, Format Version 12.00
# Visual Studio 15
VisualStudioVersion = 15.0.27428.2037
MinimumVisualStudioVersion = 10.0.40219.1
Project("{9A19103F-16F7-4668-BE54-9A1E7A4F7556}") = "HftClient", "HftClient.csproj", "{38E60EE3-EF0A-475D-837C-E368795614E6}"
EndProject
Project("{9A19103F-16F7-4668-BE54-9A1E7A4F7556}") = "API", "..\..\API\src\API.csproj", "{8370119D-ED9D-4B73-87BA-8A740511DB60}"
EndProject
Global
	GlobalSection(SolutionConfigurationPlatforms) = preSolution
		Debug|Any CPU = Debug|Any CPU
		Debug|x64 = Debug|x64
		Release|Any CPU = Release|Any CPU
		Release|x64 = Release|x64
	EndGlobalSection
	GlobalSection(ProjectConfigurationPlatforms) = postSolution
		{38E60EE3-EF0A-475D-837C-E368795614E6}.Debug|Any CPU.ActiveCfg = Debug|Any CPU
		{38E60EE3-EF0A-475D-837C-E368795614E6}.Debug|Any CPU.Build.0 = Debug|Any CPU
		{38E60EE3-EF0A-475D-837C-E368795614E6}.Debug|x64.ActiveCfg = Debug|x64
		{38E60EE3-EF0A-475D-837C-E368795614E6}.Debug|x64.Build.0 = Debug|x64
		{38E60EE3-EF0A-475D-837C-E368795614E6}.Release|Any CPU.ActiveCfg = Release|Any CPU
		{38E60EE3-EF0A-475D-837C-E368795614E6}.Release|Any CPU.Build.0 = Release|Any CPU
		{38E60EE3-EF0A-475D-837C-E368795614E6}.Release|x64.ActiveCfg = Release|x64
		{38E60EE3-EF0A-475D-837C-E368795614E6}.Release|x64.Build.0 = Release|x64
		{8370119D-ED9D-4B73-87BA-8A740511DB60}.Debug|Any CPU.ActiveCfg = Debug|Any CPU
		{8370119D-ED9D-4B73-87BA-8A740511DB60}.Debug|Any CPU.Build.0 = Debug|Any CPU
		{8370119D-ED9D-4B73-87BA-8A740511DB60}.Debug|x64.ActiveCfg = Debug|x64
		{8370119D-ED9D-4B73-87BA-8A740511DB60}.Debug|x64.Build.0 = Debug|x64
		{8370119D-ED9D-4B73-87BA-8A740511DB60}.Release|Any CPU.ActiveCfg = Release|Any CPU
		{8370119D-ED9D-4B73-87BA-8A740511DB60}.Release|Any CPU.Build.0 = Release|Any CPU
		{8370119D-ED9D-4B73-87BA-8A740511DB60}.Release|x64.ActiveCfg = Release|x64
		{8370119D-ED9D-4B73-87BA-8A740511DB60}.Release|x64.Build.0 = Release|x64
	EndGlobalSection
	GlobalSection(SolutionProperties) = preSolution
		HideSolutionNode = FALSE
	EndGlobalSection
	GlobalSection(ExtensibilityGlobals) = postSolution
		SolutionGuid = {A45FEAC7-0C37-4363-8067-4C55C66E8EB5}
	EndGlobalSection
EndGlobal
